
Microsoft Visual Studio Solution File, Format Version 12.00
# Visual Studio Version 16
VisualStudioVersion = 16.0.30309.148
MinimumVisualStudioVersion = 10.0.40219.1
Project("{FAE04EC0-301F-11D3-BF4B-00C04F79EFBC}") = "kasir", "kasir\kasir.csproj", "{58FC1CEA-B73E-4E41-8033-6CD40AE2B4A6}"
EndProject
Global
	GlobalSection(SolutionConfigurationPlatforms) = preSolution
		Debug|Any CPU = Debug|Any CPU
		Release|Any CPU = Release|Any CPU
	EndGlobalSection
	GlobalSection(ProjectConfigurationPlatforms) = postSolution
		{58FC1CEA-B73E-4E41-8033-6CD40AE2B4A6}.Debug|Any CPU.ActiveCfg = Debug|Any CPU
		{58FC1CEA-B73E-4E41-8033-6CD40AE2B4A6}.Debug|Any CPU.Build.0 = Debug|Any CPU
		{58FC1CEA-B73E-4E41-8033-6CD40AE2B4A6}.Release|Any CPU.ActiveCfg = Release|Any CPU
		{58FC1CEA-B73E-4E41-8033-6CD40AE2B4A6}.Release|Any CPU.Build.0 = Release|Any CPU
	EndGlobalSection
	GlobalSection(SolutionProperties) = preSolution
		HideSolutionNode = FALSE
	EndGlobalSection
	GlobalSection(ExtensibilityGlobals) = postSolution
		SolutionGuid = {F6639225-049A-4C30-BC6C-C991D9997EAC}
	EndGlobalSection
EndGlobal
